
Microsoft Visual Studio Solution File, Format Version 12.00
# Visual Studio 14
VisualStudioVersion = 14.0.23107.0
MinimumVisualStudioVersion = 10.0.40219.1
Project("{FAE04EC0-301F-11D3-BF4B-00C04F79EFBC}") = "KendoGridBinderEx.Examples.Business", "KendoGridBinderEx.Examples.Business\KendoGridBinderEx.Examples.Business.csproj", "{28B83391-37D5-4DFF-8A32-6D508FB191B8}"
EndProject
Project("{FAE04EC0-301F-11D3-BF4B-00C04F79EFBC}") = "KendoGridBinderEx.Examples.Business.UnitTests", "KendoGridBinderEx.Examples.Business.UnitTests\KendoGridBinderEx.Examples.Business.UnitTests.csproj", "{933806D2-D8EB-4D7A-86AD-E9AB5310A77F}"
EndProject
Project("{FAE04EC0-301F-11D3-BF4B-00C04F79EFBC}") = "KendoGridBinderEx.Examples.Infrastructure", "KendoGridBinderEx.Examples.Infrastructure\KendoGridBinderEx.Examples.Infrastructure.csproj", "{B69F4BED-660D-47B7-891B-EB1CC1421279}"
EndProject
Project("{FAE04EC0-301F-11D3-BF4B-00C04F79EFBC}") = "KendoGridBinderEx.Examples.Security", "KendoGridBinderEx.Examples.Security\KendoGridBinderEx.Examples.Security.csproj", "{B67D5A1D-8963-43DF-8167-5887CBB73E7F}"
EndProject
Project("{FAE04EC0-301F-11D3-BF4B-00C04F79EFBC}") = "KendoGridBinderEx.Examples.MVC", "KendoGridBinderEx.Examples.MVC\KendoGridBinderEx.Examples.MVC.csproj", "{568C9351-94C2-412A-86BC-F1A10FD4DF01}"
EndProject
Global
	GlobalSection(SolutionConfigurationPlatforms) = preSolution
		Debug|Any CPU = Debug|Any CPU
		Release|Any CPU = Release|Any CPU
	EndGlobalSection
	GlobalSection(ProjectConfigurationPlatforms) = postSolution
		{28B83391-37D5-4DFF-8A32-6D508FB191B8}.Debug|Any CPU.ActiveCfg = Debug|Any CPU
		{28B83391-37D5-4DFF-8A32-6D508FB191B8}.Debug|Any CPU.Build.0 = Debug|Any CPU
		{28B83391-37D5-4DFF-8A32-6D508FB191B8}.Release|Any CPU.ActiveCfg = Release|Any CPU
		{28B83391-37D5-4DFF-8A32-6D508FB191B8}.Release|Any CPU.Build.0 = Release|Any CPU
		{933806D2-D8EB-4D7A-86AD-E9AB5310A77F}.Debug|Any CPU.ActiveCfg = Debug|Any CPU
		{933806D2-D8EB-4D7A-86AD-E9AB5310A77F}.Debug|Any CPU.Build.0 = Debug|Any CPU
		{933806D2-D8EB-4D7A-86AD-E9AB5310A77F}.Release|Any CPU.ActiveCfg = Release|Any CPU
		{933806D2-D8EB-4D7A-86AD-E9AB5310A77F}.Release|Any CPU.Build.0 = Release|Any CPU
		{B69F4BED-660D-47B7-891B-EB1CC1421279}.Debug|Any CPU.ActiveCfg = Debug|Any CPU
		{B69F4BED-660D-47B7-891B-EB1CC1421279}.Debug|Any CPU.Build.0 = Debug|Any CPU
		{B69F4BED-660D-47B7-891B-EB1CC1421279}.Release|Any CPU.ActiveCfg = Release|Any CPU
		{B69F4BED-660D-47B7-891B-EB1CC1421279}.Release|Any CPU.Build.0 = Release|Any CPU
		{B67D5A1D-8963-43DF-8167-5887CBB73E7F}.Debug|Any CPU.ActiveCfg = Debug|Any CPU
		{B67D5A1D-8963-43DF-8167-5887CBB73E7F}.Debug|Any CPU.Build.0 = Debug|Any CPU
		{B67D5A1D-8963-43DF-8167-5887CBB73E7F}.Release|Any CPU.ActiveCfg = Release|Any CPU
		{B67D5A1D-8963-43DF-8167-5887CBB73E7F}.Release|Any CPU.Build.0 = Release|Any CPU
		{568C9351-94C2-412A-86BC-F1A10FD4DF01}.Debug|Any CPU.ActiveCfg = Debug|Any CPU
		{568C9351-94C2-412A-86BC-F1A10FD4DF01}.Debug|Any CPU.Build.0 = Debug|Any CPU
		{568C9351-94C2-412A-86BC-F1A10FD4DF01}.Release|Any CPU.ActiveCfg = Release|Any CPU
		{568C9351-94C2-412A-86BC-F1A10FD4DF01}.Release|Any CPU.Build.0 = Release|Any CPU
	EndGlobalSection
	GlobalSection(SolutionProperties) = preSolution
		HideSolutionNode = FALSE
	EndGlobalSection
EndGlobal
